// !$*UTF8*$!
{
	archiveVersion = 1;
	classes = {
	};
	objectVersion = 56;
	objects = {

/* Begin PBXBuildFile section */
		7283360B2BD67C4500F610CC /* AppDelegate.swift in Sources */ = {isa = PBXBuildFile; fileRef = 7283360A2BD67C4500F610CC /* AppDelegate.swift */; };
		7283360D2BD67C4500F610CC /* SceneDelegate.swift in Sources */ = {isa = PBXBuildFile; fileRef = 7283360C2BD67C4500F610CC /* SceneDelegate.swift */; };
		728336142BD67C4700F610CC /* Assets.xcassets in Resources */ = {isa = PBXBuildFile; fileRef = 728336132BD67C4700F610CC /* Assets.xcassets */; };
		728336172BD67C4700F610CC /* LaunchScreen.storyboard in Resources */ = {isa = PBXBuildFile; fileRef = 728336152BD67C4700F610CC /* LaunchScreen.storyboard */; };
		728336232BD67DF600F610CC /* CounterViewController.swift in Sources */ = {isa = PBXBuildFile; fileRef = 728336222BD67DF600F610CC /* CounterViewController.swift */; };
		728336262BD67E5200F610CC /* CounterView.swift in Sources */ = {isa = PBXBuildFile; fileRef = 728336252BD67E5200F610CC /* CounterView.swift */; };
		728336292BD6843D00F610CC /* CounterModel.swift in Sources */ = {isa = PBXBuildFile; fileRef = 728336282BD6843D00F610CC /* CounterModel.swift */; };
		7283362C2BD7A09400F610CC /* SplashViewController.swift in Sources */ = {isa = PBXBuildFile; fileRef = 7283362B2BD7A09400F610CC /* SplashViewController.swift */; };
		7283362F2BD7A0C200F610CC /* AuthorizationViewController.swift in Sources */ = {isa = PBXBuildFile; fileRef = 7283362E2BD7A0C200F610CC /* AuthorizationViewController.swift */; };
		728336322BD7A1F700F610CC /* AuthorizationView.swift in Sources */ = {isa = PBXBuildFile; fileRef = 728336312BD7A1F700F610CC /* AuthorizationView.swift */; };
		728336372BD7A91000F610CC /* UserSessionManager.swift in Sources */ = {isa = PBXBuildFile; fileRef = 728336362BD7A91000F610CC /* UserSessionManager.swift */; };
		7283363C2BD7CA0800F610CC /* HomeViewController.swift in Sources */ = {isa = PBXBuildFile; fileRef = 7283363B2BD7CA0800F610CC /* HomeViewController.swift */; };
		7283363F2BD7CA2500F610CC /* HomeView.swift in Sources */ = {isa = PBXBuildFile; fileRef = 7283363E2BD7CA2500F610CC /* HomeView.swift */; };
		728336412BD7CC1500F610CC /* PersonInfoModel.swift in Sources */ = {isa = PBXBuildFile; fileRef = 728336402BD7CC1500F610CC /* PersonInfoModel.swift */; };
		728336442BD8200700F610CC /* BaseView.swift in Sources */ = {isa = PBXBuildFile; fileRef = 728336432BD8200700F610CC /* BaseView.swift */; };
		728336472BD8224100F610CC /* UIColor+ex.swift in Sources */ = {isa = PBXBuildFile; fileRef = 728336462BD8224100F610CC /* UIColor+ex.swift */; };
/* End PBXBuildFile section */

/* Begin PBXFileReference section */
		728336072BD67C4500F610CC /* month6lesson1.app */ = {isa = PBXFileReference; explicitFileType = wrapper.application; includeInIndex = 0; path = month6lesson1.app; sourceTree = BUILT_PRODUCTS_DIR; };
		7283360A2BD67C4500F610CC /* AppDelegate.swift */ = {isa = PBXFileReference; lastKnownFileType = sourcecode.swift; path = AppDelegate.swift; sourceTree = "<group>"; };
		7283360C2BD67C4500F610CC /* SceneDelegate.swift */ = {isa = PBXFileReference; lastKnownFileType = sourcecode.swift; path = SceneDelegate.swift; sourceTree = "<group>"; };
		728336132BD67C4700F610CC /* Assets.xcassets */ = {isa = PBXFileReference; lastKnownFileType = folder.assetcatalog; path = Assets.xcassets; sourceTree = "<group>"; };
		728336162BD67C4700F610CC /* Base */ = {isa = PBXFileReference; lastKnownFileType = file.storyboard; name = Base; path = Base.lproj/LaunchScreen.storyboard; sourceTree = "<group>"; };
		728336182BD67C4700F610CC /* Info.plist */ = {isa = PBXFileReference; lastKnownFileType = text.plist.xml; path = Info.plist; sourceTree = "<group>"; };
		728336222BD67DF600F610CC /* CounterViewController.swift */ = {isa = PBXFileReference; lastKnownFileType = sourcecode.swift; path = CounterViewController.swift; sourceTree = "<group>"; };
		728336252BD67E5200F610CC /* CounterView.swift */ = {isa = PBXFileReference; lastKnownFileType = sourcecode.swift; path = CounterView.swift; sourceTree = "<group>"; };
		728336282BD6843D00F610CC /* CounterModel.swift */ = {isa = PBXFileReference; lastKnownFileType = sourcecode.swift; path = CounterModel.swift; sourceTree = "<group>"; };
		7283362B2BD7A09400F610CC /* SplashViewController.swift */ = {isa = PBXFileReference; lastKnownFileType = sourcecode.swift; path = SplashViewController.swift; sourceTree = "<group>"; };
		7283362E2BD7A0C200F610CC /* AuthorizationViewController.swift */ = {isa = PBXFileReference; lastKnownFileType = sourcecode.swift; path = AuthorizationViewController.swift; sourceTree = "<group>"; };
		728336312BD7A1F700F610CC /* AuthorizationView.swift */ = {isa = PBXFileReference; lastKnownFileType = sourcecode.swift; path = AuthorizationView.swift; sourceTree = "<group>"; };
		728336362BD7A91000F610CC /* UserSessionManager.swift */ = {isa = PBXFileReference; lastKnownFileType = sourcecode.swift; path = UserSessionManager.swift; sourceTree = "<group>"; };
		7283363B2BD7CA0800F610CC /* HomeViewController.swift */ = {isa = PBXFileReference; lastKnownFileType = sourcecode.swift; path = HomeViewController.swift; sourceTree = "<group>"; };
		7283363E2BD7CA2500F610CC /* HomeView.swift */ = {isa = PBXFileReference; lastKnownFileType = sourcecode.swift; path = HomeView.swift; sourceTree = "<group>"; };
		728336402BD7CC1500F610CC /* PersonInfoModel.swift */ = {isa = PBXFileReference; lastKnownFileType = sourcecode.swift; path = PersonInfoModel.swift; sourceTree = "<group>"; };
		728336432BD8200700F610CC /* BaseView.swift */ = {isa = PBXFileReference; lastKnownFileType = sourcecode.swift; path = BaseView.swift; sourceTree = "<group>"; };
		728336462BD8224100F610CC /* UIColor+ex.swift */ = {isa = PBXFileReference; lastKnownFileType = sourcecode.swift; path = "UIColor+ex.swift"; sourceTree = "<group>"; };
/* End PBXFileReference section */

/* Begin PBXFrameworksBuildPhase section */
		728336042BD67C4500F610CC /* Frameworks */ = {
			isa = PBXFrameworksBuildPhase;
			buildActionMask = 2147483647;
			files = (
			);
			runOnlyForDeploymentPostprocessing = 0;
		};
/* End PBXFrameworksBuildPhase section */

/* Begin PBXGroup section */
		728335FE2BD67C4500F610CC = {
			isa = PBXGroup;
			children = (
				728336092BD67C4500F610CC /* month6lesson1 */,
				728336082BD67C4500F610CC /* Products */,
			);
			sourceTree = "<group>";
		};
		728336082BD67C4500F610CC /* Products */ = {
			isa = PBXGroup;
			children = (
				728336072BD67C4500F610CC /* month6lesson1.app */,
			);
			name = Products;
			sourceTree = "<group>";
		};
		728336092BD67C4500F610CC /* month6lesson1 */ = {
			isa = PBXGroup;
			children = (
				7283361E2BD67C9600F610CC /* App */,
				728336272BD6842A00F610CC /* Model */,
				7283361F2BD67CA100F610CC /* Modules */,
				728336202BD67CC600F610CC /* Resources */,
			);
			path = month6lesson1;
			sourceTree = "<group>";
		};
		7283361E2BD67C9600F610CC /* App */ = {
			isa = PBXGroup;
			children = (
				7283360A2BD67C4500F610CC /* AppDelegate.swift */,
				7283360C2BD67C4500F610CC /* SceneDelegate.swift */,
			);
			path = App;
			sourceTree = "<group>";
		};
		7283361F2BD67CA100F610CC /* Modules */ = {
			isa = PBXGroup;
			children = (
				728336422BD814B600F610CC /* Base */,
				7283362A2BD7A06300F610CC /* Splash */,
				7283362D2BD7A0AD00F610CC /* Authorization */,
				7283363A2BD7C9E400F610CC /* Home */,
				728336212BD67D9100F610CC /* Counter */,
			);
			path = Modules;
			sourceTree = "<group>";
		};
		728336202BD67CC600F610CC /* Resources */ = {
			isa = PBXGroup;
			children = (
				728336132BD67C4700F610CC /* Assets.xcassets */,
				728336152BD67C4700F610CC /* LaunchScreen.storyboard */,
				728336182BD67C4700F610CC /* Info.plist */,
			);
			path = Resources;
			sourceTree = "<group>";
		};
		728336212BD67D9100F610CC /* Counter */ = {
			isa = PBXGroup;
			children = (
				728336222BD67DF600F610CC /* CounterViewController.swift */,
				728336242BD67E3100F610CC /* Components */,
			);
			path = Counter;
			sourceTree = "<group>";
		};
		728336242BD67E3100F610CC /* Components */ = {
			isa = PBXGroup;
			children = (
				728336252BD67E5200F610CC /* CounterView.swift */,
			);
			path = Components;
			sourceTree = "<group>";
		};
		728336272BD6842A00F610CC /* Model */ = {
			isa = PBXGroup;
			children = (
				728336452BD8222000F610CC /* Extensions */,
				728336402BD7CC1500F610CC /* PersonInfoModel.swift */,
				728336362BD7A91000F610CC /* UserSessionManager.swift */,
				728336282BD6843D00F610CC /* CounterModel.swift */,
			);
			path = Model;
			sourceTree = "<group>";
		};
		7283362A2BD7A06300F610CC /* Splash */ = {
			isa = PBXGroup;
			children = (
				7283362B2BD7A09400F610CC /* SplashViewController.swift */,
			);
			path = Splash;
			sourceTree = "<group>";
		};
		7283362D2BD7A0AD00F610CC /* Authorization */ = {
			isa = PBXGroup;
			children = (
				7283362E2BD7A0C200F610CC /* AuthorizationViewController.swift */,
				728336302BD7A1DE00F610CC /* Components */,
			);
			path = Authorization;
			sourceTree = "<group>";
		};
		728336302BD7A1DE00F610CC /* Components */ = {
			isa = PBXGroup;
			children = (
				728336312BD7A1F700F610CC /* AuthorizationView.swift */,
			);
			path = Components;
			sourceTree = "<group>";
		};
		7283363A2BD7C9E400F610CC /* Home */ = {
			isa = PBXGroup;
			children = (
				7283363B2BD7CA0800F610CC /* HomeViewController.swift */,
				7283363D2BD7CA0E00F610CC /* Components */,
			);
			path = Home;
			sourceTree = "<group>";
		};
		7283363D2BD7CA0E00F610CC /* Components */ = {
			isa = PBXGroup;
			children = (
				7283363E2BD7CA2500F610CC /* HomeView.swift */,
			);
			path = Components;
			sourceTree = "<group>";
		};
		728336422BD814B600F610CC /* Base */ = {
			isa = PBXGroup;
			children = (
				728336432BD8200700F610CC /* BaseView.swift */,
			);
			path = Base;
			sourceTree = "<group>";
		};
		728336452BD8222000F610CC /* Extensions */ = {
			isa = PBXGroup;
			children = (
				728336462BD8224100F610CC /* UIColor+ex.swift */,
			);
			path = Extensions;
			sourceTree = "<group>";
		};
/* End PBXGroup section */

/* Begin PBXNativeTarget section */
		728336062BD67C4500F610CC /* month6lesson1 */ = {
			isa = PBXNativeTarget;
			buildConfigurationList = 7283361B2BD67C4700F610CC /* Build configuration list for PBXNativeTarget "month6lesson1" */;
			buildPhases = (
				728336032BD67C4500F610CC /* Sources */,
				728336042BD67C4500F610CC /* Frameworks */,
				728336052BD67C4500F610CC /* Resources */,
			);
			buildRules = (
			);
			dependencies = (
			);
			name = month6lesson1;
			productName = month6lesson1;
			productReference = 728336072BD67C4500F610CC /* month6lesson1.app */;
			productType = "com.apple.product-type.application";
		};
/* End PBXNativeTarget section */

/* Begin PBXProject section */
		728335FF2BD67C4500F610CC /* Project object */ = {
			isa = PBXProject;
			attributes = {
				BuildIndependentTargetsInParallel = 1;
				LastSwiftUpdateCheck = 1520;
				LastUpgradeCheck = 1520;
				TargetAttributes = {
					728336062BD67C4500F610CC = {
						CreatedOnToolsVersion = 15.2;
					};
				};
			};
			buildConfigurationList = 728336022BD67C4500F610CC /* Build configuration list for PBXProject "month6lesson1" */;
			compatibilityVersion = "Xcode 14.0";
			developmentRegion = en;
			hasScannedForEncodings = 0;
			knownRegions = (
				en,
				Base,
			);
			mainGroup = 728335FE2BD67C4500F610CC;
			productRefGroup = 728336082BD67C4500F610CC /* Products */;
			projectDirPath = "";
			projectRoot = "";
			targets = (
				728336062BD67C4500F610CC /* month6lesson1 */,
			);
		};
/* End PBXProject section */

/* Begin PBXResourcesBuildPhase section */
		728336052BD67C4500F610CC /* Resources */ = {
			isa = PBXResourcesBuildPhase;
			buildActionMask = 2147483647;
			files = (
				728336172BD67C4700F610CC /* LaunchScreen.storyboard in Resources */,
				728336142BD67C4700F610CC /* Assets.xcassets in Resources */,
			);
			runOnlyForDeploymentPostprocessing = 0;
		};
/* End PBXResourcesBuildPhase section */

/* Begin PBXSourcesBuildPhase section */
		728336032BD67C4500F610CC /* Sources */ = {
			isa = PBXSourcesBuildPhase;
			buildActionMask = 2147483647;
			files = (
				7283362F2BD7A0C200F610CC /* AuthorizationViewController.swift in Sources */,
				728336472BD8224100F610CC /* UIColor+ex.swift in Sources */,
				728336232BD67DF600F610CC /* CounterViewController.swift in Sources */,
				7283360B2BD67C4500F610CC /* AppDelegate.swift in Sources */,
				728336372BD7A91000F610CC /* UserSessionManager.swift in Sources */,
				7283360D2BD67C4500F610CC /* SceneDelegate.swift in Sources */,
				7283362C2BD7A09400F610CC /* SplashViewController.swift in Sources */,
				728336262BD67E5200F610CC /* CounterView.swift in Sources */,
				7283363C2BD7CA0800F610CC /* HomeViewController.swift in Sources */,
				728336322BD7A1F700F610CC /* AuthorizationView.swift in Sources */,
				728336412BD7CC1500F610CC /* PersonInfoModel.swift in Sources */,
				7283363F2BD7CA2500F610CC /* HomeView.swift in Sources */,
				728336442BD8200700F610CC /* BaseView.swift in Sources */,
				728336292BD6843D00F610CC /* CounterModel.swift in Sources */,
			);
			runOnlyForDeploymentPostprocessing = 0;
		};
/* End PBXSourcesBuildPhase section */

/* Begin PBXVariantGroup section */
		728336152BD67C4700F610CC /* LaunchScreen.storyboard */ = {
			isa = PBXVariantGroup;
			children = (
				728336162BD67C4700F610CC /* Base */,
			);
			name = LaunchScreen.storyboard;
			sourceTree = "<group>";
		};
/* End PBXVariantGroup section */

/* Begin XCBuildConfiguration section */
		728336192BD67C4700F610CC /* Debug */ = {
			isa = XCBuildConfiguration;
			buildSettings = {
				ALWAYS_SEARCH_USER_PATHS = NO;
				ASSETCATALOG_COMPILER_GENERATE_SWIFT_ASSET_SYMBOL_EXTENSIONS = YES;
				CLANG_ANALYZER_NONNULL = YES;
				CLANG_ANALYZER_NUMBER_OBJECT_CONVERSION = YES_AGGRESSIVE;
				CLANG_CXX_LANGUAGE_STANDARD = "gnu++20";
				CLANG_ENABLE_MODULES = YES;
				CLANG_ENABLE_OBJC_ARC = YES;
				CLANG_ENABLE_OBJC_WEAK = YES;
				CLANG_WARN_BLOCK_CAPTURE_AUTORELEASING = YES;
				CLANG_WARN_BOOL_CONVERSION = YES;
				CLANG_WARN_COMMA = YES;
				CLANG_WARN_CONSTANT_CONVERSION = YES;
				CLANG_WARN_DEPRECATED_OBJC_IMPLEMENTATIONS = YES;
				CLANG_WARN_DIRECT_OBJC_ISA_USAGE = YES_ERROR;
				CLANG_WARN_DOCUMENTATION_COMMENTS = YES;
				CLANG_WARN_EMPTY_BODY = YES;
				CLANG_WARN_ENUM_CONVERSION = YES;
				CLANG_WARN_INFINITE_RECURSION = YES;
				CLANG_WARN_INT_CONVERSION = YES;
				CLANG_WARN_NON_LITERAL_NULL_CONVERSION = YES;
				CLANG_WARN_OBJC_IMPLICIT_RETAIN_SELF = YES;
				CLANG_WARN_OBJC_LITERAL_CONVERSION = YES;
				CLANG_WARN_OBJC_ROOT_CLASS = YES_ERROR;
				CLANG_WARN_QUOTED_INCLUDE_IN_FRAMEWORK_HEADER = YES;
				CLANG_WARN_RANGE_LOOP_ANALYSIS = YES;
				CLANG_WARN_STRICT_PROTOTYPES = YES;
				CLANG_WARN_SUSPICIOUS_MOVE = YES;
				CLANG_WARN_UNGUARDED_AVAILABILITY = YES_AGGRESSIVE;
				CLANG_WARN_UNREACHABLE_CODE = YES;
				CLANG_WARN__DUPLICATE_METHOD_MATCH = YES;
				COPY_PHASE_STRIP = NO;
				DEBUG_INFORMATION_FORMAT = dwarf;
				ENABLE_STRICT_OBJC_MSGSEND = YES;
				ENABLE_TESTABILITY = YES;
				ENABLE_USER_SCRIPT_SANDBOXING = YES;
				GCC_C_LANGUAGE_STANDARD = gnu17;
				GCC_DYNAMIC_NO_PIC = NO;
				GCC_NO_COMMON_BLOCKS = YES;
				GCC_OPTIMIZATION_LEVEL = 0;
				GCC_PREPROCESSOR_DEFINITIONS = (
					"DEBUG=1",
					"$(inherited)",
				);
				GCC_WARN_64_TO_32_BIT_CONVERSION = YES;
				GCC_WARN_ABOUT_RETURN_TYPE = YES_ERROR;
				GCC_WARN_UNDECLARED_SELECTOR = YES;
				GCC_WARN_UNINITIALIZED_AUTOS = YES_AGGRESSIVE;
				GCC_WARN_UNUSED_FUNCTION = YES;
				GCC_WARN_UNUSED_VARIABLE = YES;
				IPHONEOS_DEPLOYMENT_TARGET = 17.2;
				LOCALIZATION_PREFERS_STRING_CATALOGS = YES;
				MTL_ENABLE_DEBUG_INFO = INCLUDE_SOURCE;
				MTL_FAST_MATH = YES;
				ONLY_ACTIVE_ARCH = YES;
				SDKROOT = iphoneos;
				SWIFT_ACTIVE_COMPILATION_CONDITIONS = "DEBUG $(inherited)";
				SWIFT_OPTIMIZATION_LEVEL = "-Onone";
			};
			name = Debug;
		};
		7283361A2BD67C4700F610CC /* Release */ = {
			isa = XCBuildConfiguration;
			buildSettings = {
				ALWAYS_SEARCH_USER_PATHS = NO;
				ASSETCATALOG_COMPILER_GENERATE_SWIFT_ASSET_SYMBOL_EXTENSIONS = YES;
				CLANG_ANALYZER_NONNULL = YES;
				CLANG_ANALYZER_NUMBER_OBJECT_CONVERSION = YES_AGGRESSIVE;
				CLANG_CXX_LANGUAGE_STANDARD = "gnu++20";
				CLANG_ENABLE_MODULES = YES;
				CLANG_ENABLE_OBJC_ARC = YES;
				CLANG_ENABLE_OBJC_WEAK = YES;
				CLANG_WARN_BLOCK_CAPTURE_AUTORELEASING = YES;
				CLANG_WARN_BOOL_CONVERSION = YES;
				CLANG_WARN_COMMA = YES;
				CLANG_WARN_CONSTANT_CONVERSION = YES;
				CLANG_WARN_DEPRECATED_OBJC_IMPLEMENTATIONS = YES;
				CLANG_WARN_DIRECT_OBJC_ISA_USAGE = YES_ERROR;
				CLANG_WARN_DOCUMENTATION_COMMENTS = YES;
				CLANG_WARN_EMPTY_BODY = YES;
				CLANG_WARN_ENUM_CONVERSION = YES;
				CLANG_WARN_INFINITE_RECURSION = YES;
				CLANG_WARN_INT_CONVERSION = YES;
				CLANG_WARN_NON_LITERAL_NULL_CONVERSION = YES;
				CLANG_WARN_OBJC_IMPLICIT_RETAIN_SELF = YES;
				CLANG_WARN_OBJC_LITERAL_CONVERSION = YES;
				CLANG_WARN_OBJC_ROOT_CLASS = YES_ERROR;
				CLANG_WARN_QUOTED_INCLUDE_IN_FRAMEWORK_HEADER = YES;
				CLANG_WARN_RANGE_LOOP_ANALYSIS = YES;
				CLANG_WARN_STRICT_PROTOTYPES = YES;
				CLANG_WARN_SUSPICIOUS_MOVE = YES;
				CLANG_WARN_UNGUARDED_AVAILABILITY = YES_AGGRESSIVE;
				CLANG_WARN_UNREACHABLE_CODE = YES;
				CLANG_WARN__DUPLICATE_METHOD_MATCH = YES;
				COPY_PHASE_STRIP = NO;
				DEBUG_INFORMATION_FORMAT = "dwarf-with-dsym";
				ENABLE_NS_ASSERTIONS = NO;
				ENABLE_STRICT_OBJC_MSGSEND = YES;
				ENABLE_USER_SCRIPT_SANDBOXING = YES;
				GCC_C_LANGUAGE_STANDARD = gnu17;
				GCC_NO_COMMON_BLOCKS = YES;
				GCC_WARN_64_TO_32_BIT_CONVERSION = YES;
				GCC_WARN_ABOUT_RETURN_TYPE = YES_ERROR;
				GCC_WARN_UNDECLARED_SELECTOR = YES;
				GCC_WARN_UNINITIALIZED_AUTOS = YES_AGGRESSIVE;
				GCC_WARN_UNUSED_FUNCTION = YES;
				GCC_WARN_UNUSED_VARIABLE = YES;
				IPHONEOS_DEPLOYMENT_TARGET = 17.2;
				LOCALIZATION_PREFERS_STRING_CATALOGS = YES;
				MTL_ENABLE_DEBUG_INFO = NO;
				MTL_FAST_MATH = YES;
				SDKROOT = iphoneos;
				SWIFT_COMPILATION_MODE = wholemodule;
				VALIDATE_PRODUCT = YES;
			};
			name = Release;
		};
		7283361C2BD67C4700F610CC /* Debug */ = {
			isa = XCBuildConfiguration;
			buildSettings = {
				ASSETCATALOG_COMPILER_APPICON_NAME = AppIcon;
				ASSETCATALOG_COMPILER_GLOBAL_ACCENT_COLOR_NAME = AccentColor;
				CODE_SIGN_STYLE = Automatic;
				CURRENT_PROJECT_VERSION = 1;
				DEVELOPMENT_TEAM = 2VCHNMLR8N;
				GENERATE_INFOPLIST_FILE = YES;
				INFOPLIST_FILE = month6lesson1/Resources/Info.plist;
				INFOPLIST_KEY_UIApplicationSupportsIndirectInputEvents = YES;
				INFOPLIST_KEY_UILaunchStoryboardName = LaunchScreen;
				INFOPLIST_KEY_UISupportedInterfaceOrientations_iPad = "UIInterfaceOrientationPortrait UIInterfaceOrientationPortraitUpsideDown UIInterfaceOrientationLandscapeLeft UIInterfaceOrientationLandscapeRight";
				INFOPLIST_KEY_UISupportedInterfaceOrientations_iPhone = "UIInterfaceOrientationPortrait UIInterfaceOrientationLandscapeLeft UIInterfaceOrientationLandscapeRight";
				LD_RUNPATH_SEARCH_PATHS = (
					"$(inherited)",
					"@executable_path/Frameworks",
				);
				MARKETING_VERSION = 1.0;
				PRODUCT_BUNDLE_IDENTIFIER = com.telegey.month6lesson1;
				PRODUCT_NAME = "$(TARGET_NAME)";
				SWIFT_EMIT_LOC_STRINGS = YES;
				SWIFT_VERSION = 5.0;
				TARGETED_DEVICE_FAMILY = "1,2";
			};
			name = Debug;
		};
		7283361D2BD67C4700F610CC /* Release */ = {
			isa = XCBuildConfiguration;
			buildSettings = {
				ASSETCATALOG_COMPILER_APPICON_NAME = AppIcon;
				ASSETCATALOG_COMPILER_GLOBAL_ACCENT_COLOR_NAME = AccentColor;
				CODE_SIGN_STYLE = Automatic;
				CURRENT_PROJECT_VERSION = 1;
				DEVELOPMENT_TEAM = 2VCHNMLR8N;
				GENERATE_INFOPLIST_FILE = YES;
				INFOPLIST_FILE = month6lesson1/Resources/Info.plist;
				INFOPLIST_KEY_UIApplicationSupportsIndirectInputEvents = YES;
				INFOPLIST_KEY_UILaunchStoryboardName = LaunchScreen;
				INFOPLIST_KEY_UISupportedInterfaceOrientations_iPad = "UIInterfaceOrientationPortrait UIInterfaceOrientationPortraitUpsideDown UIInterfaceOrientationLandscapeLeft UIInterfaceOrientationLandscapeRight";
				INFOPLIST_KEY_UISupportedInterfaceOrientations_iPhone = "UIInterfaceOrientationPortrait UIInterfaceOrientationLandscapeLeft UIInterfaceOrientationLandscapeRight";
				LD_RUNPATH_SEARCH_PATHS = (
					"$(inherited)",
					"@executable_path/Frameworks",
				);
				MARKETING_VERSION = 1.0;
				PRODUCT_BUNDLE_IDENTIFIER = com.telegey.month6lesson1;
				PRODUCT_NAME = "$(TARGET_NAME)";
				SWIFT_EMIT_LOC_STRINGS = YES;
				SWIFT_VERSION = 5.0;
				TARGETED_DEVICE_FAMILY = "1,2";
			};
			name = Release;
		};
/* End XCBuildConfiguration section */

/* Begin XCConfigurationList section */
		728336022BD67C4500F610CC /* Build configuration list for PBXProject "month6lesson1" */ = {
			isa = XCConfigurationList;
			buildConfigurations = (
				728336192BD67C4700F610CC /* Debug */,
				7283361A2BD67C4700F610CC /* Release */,
			);
			defaultConfigurationIsVisible = 0;
			defaultConfigurationName = Release;
		};
		7283361B2BD67C4700F610CC /* Build configuration list for PBXNativeTarget "month6lesson1" */ = {
			isa = XCConfigurationList;
			buildConfigurations = (
				7283361C2BD67C4700F610CC /* Debug */,
				7283361D2BD67C4700F610CC /* Release */,
			);
			defaultConfigurationIsVisible = 0;
			defaultConfigurationName = Release;
		};
/* End XCConfigurationList section */
	};
	rootObject = 728335FF2BD67C4500F610CC /* Project object */;
}
